
Microsoft Visual Studio Solution File, Format Version 12.00
# Visual Studio Version 17
VisualStudioVersion = 17.4.33213.308
MinimumVisualStudioVersion = 10.0.40219.1
Project("{FAE04EC0-301F-11D3-BF4B-00C04F79EFBC}") = "CallculateMyAge", "CallculateMyAge\CallculateMyAge.csproj", "{0144C7D7-8D72-4477-A6EF-4586874816FB}"
EndProject
Global
	GlobalSection(SolutionConfigurationPlatforms) = preSolution
		Debug|Any CPU = Debug|Any CPU
		Release|Any CPU = Release|Any CPU
	EndGlobalSection
	GlobalSection(ProjectConfigurationPlatforms) = postSolution
		{0144C7D7-8D72-4477-A6EF-4586874816FB}.Debug|Any CPU.ActiveCfg = Debug|Any CPU
		{0144C7D7-8D72-4477-A6EF-4586874816FB}.Debug|Any CPU.Build.0 = Debug|Any CPU
		{0144C7D7-8D72-4477-A6EF-4586874816FB}.Release|Any CPU.ActiveCfg = Release|Any CPU
		{0144C7D7-8D72-4477-A6EF-4586874816FB}.Release|Any CPU.Build.0 = Release|Any CPU
	EndGlobalSection
	GlobalSection(SolutionProperties) = preSolution
		HideSolutionNode = FALSE
	EndGlobalSection
	GlobalSection(ExtensibilityGlobals) = postSolution
		SolutionGuid = {49ACD71A-BC5B-46FD-B4A1-5D4BDDEF8E48}
	EndGlobalSection
EndGlobal
