
Microsoft Visual Studio Solution File, Format Version 12.00
# Visual Studio Version 17
VisualStudioVersion = 17.4.33213.308
MinimumVisualStudioVersion = 10.0.40219.1
Project("{FAE04EC0-301F-11D3-BF4B-00C04F79EFBC}") = "if Statement Example", "if Statement Example\if Statement Example.csproj", "{2741CC29-93AB-456B-B19D-5537EB5A4FF7}"
EndProject
Global
	GlobalSection(SolutionConfigurationPlatforms) = preSolution
		Debug|Any CPU = Debug|Any CPU
		Release|Any CPU = Release|Any CPU
	EndGlobalSection
	GlobalSection(ProjectConfigurationPlatforms) = postSolution
		{2741CC29-93AB-456B-B19D-5537EB5A4FF7}.Debug|Any CPU.ActiveCfg = Debug|Any CPU
		{2741CC29-93AB-456B-B19D-5537EB5A4FF7}.Debug|Any CPU.Build.0 = Debug|Any CPU
		{2741CC29-93AB-456B-B19D-5537EB5A4FF7}.Release|Any CPU.ActiveCfg = Release|Any CPU
		{2741CC29-93AB-456B-B19D-5537EB5A4FF7}.Release|Any CPU.Build.0 = Release|Any CPU
	EndGlobalSection
	GlobalSection(SolutionProperties) = preSolution
		HideSolutionNode = FALSE
	EndGlobalSection
	GlobalSection(ExtensibilityGlobals) = postSolution
		SolutionGuid = {D52F16D4-EEA4-46D0-8B8A-E8642858996E}
	EndGlobalSection
EndGlobal
